<?xml version="1.0" encoding="utf-8"?>
<Project ToolsVersion="4.0" xmlns="http://schemas.microsoft.com/developer/msbuild/2003">
  <ItemGroup>
    <Filter Include="Source Files">
      <UniqueIdentifier>{4FC737F1-C7A5-4376-A066-2A32D752A2FF}</UniqueIdentifier>
      <Extensions>cpp;c;cc;cxx;def;odl;idl;hpj;bat;asm;asmx</Extensions>
    </Filter>
    <Filter Include="Header Files">
      <UniqueIdentifier>{93995380-89BD-4b04-88EB-625FBE52EBFB}</UniqueIdentifier>
      <Extensions>h;hh;hpp;hxx;hm;inl;inc;xsd</Extensions>
    </Filter>
    <Filter Include="Resource Files">
      <UniqueIdentifier>{67DA6AB6-F800-4c08-8B7A-83BB121AAD01}</UniqueIdentifier>
      <Extensions>rc;ico;cur;bmp;dlg;rc2;rct;bin;rgs;gif;jpg;jpeg;jpe;resx;tiff;tif;png;wav;mfcribbon-ms</Extensions>
    </Filter>
    <Filter Include="Include">
      <UniqueIdentifier>{054ab2b4-28cc-4af5-b234-3990a0b9a589}</UniqueIdentifier>
    </Filter>
  </ItemGroup>
  <ItemGroup>
    <ClCompile Include="Main.cpp">
      <Filter>Source Files</Filter>
    </ClCompile>
    <ClCompile Include="include\FileOp.cpp">
      <Filter>Include</Filter>
    </ClCompile>
    <ClCompile Include="include\GetFromVector.cpp">
      <Filter>Include</Filter>
    </ClCompile>
    <ClCompile Include="include\Character.cpp">
      <Filter>Include</Filter>
    </ClCompile>
    <ClCompile Include="include\Label.cpp">
      <Filter>Include</Filter>
    </ClCompile>
    <ClCompile Include="include\M22toLua.cpp">
      <Filter>Source Files</Filter>
    </ClCompile>
    <ClCompile Include="include\LuaOp.cpp">
      <Filter>Include</Filter>
    </ClCompile>
  </ItemGroup>
  <ItemGroup>
    <ClInclude Include="include\FileOp.h">
      <Filter>Include</Filter>
    </ClInclude>
    <ClInclude Include="include\Label.h">
      <Filter>Include</Filter>
    </ClInclude>
    <ClInclude Include="include\Character.h">
      <Filter>Include</Filter>
    </ClInclude>
    <ClInclude Include="include\GetFromVector.h">
      <Filter>Include</Filter>
    </ClInclude>
    <ClInclude Include="include\LuaOp.h">
      <Filter>Include</Filter>
    </ClInclude>
    <ClInclude Include="include\M22toLua.h">
      <Filter>Include</Filter>
    </ClInclude>
  </ItemGroup>
</Project>